// !$*UTF8*$!
{
	archiveVersion = 1;
	classes = {
	};
	objectVersion = 46;
	objects = {

/* Begin PBXBuildFile section */
		3B9DE55B13A008820020D570 /* UIKit.framework in Frameworks */ = {isa = PBXBuildFile; fileRef = 3B9DE55A13A008820020D570 /* UIKit.framework */; };
		3B9DE55D13A008820020D570 /* Foundation.framework in Frameworks */ = {isa = PBXBuildFile; fileRef = 3B9DE55C13A008820020D570 /* Foundation.framework */; };
		3B9DE55F13A008820020D570 /* CoreGraphics.framework in Frameworks */ = {isa = PBXBuildFile; fileRef = 3B9DE55E13A008820020D570 /* CoreGraphics.framework */; };
		3B9DE56513A008820020D570 /* InfoPlist.strings in Resources */ = {isa = PBXBuildFile; fileRef = 3B9DE56313A008820020D570 /* InfoPlist.strings */; };
		3B9DE56813A008820020D570 /* main.m in Sources */ = {isa = PBXBuildFile; fileRef = 3B9DE56713A008820020D570 /* main.m */; };
		3B9DE56B13A008820020D570 /* RodriTranslatorAppDelegate.m in Sources */ = {isa = PBXBuildFile; fileRef = 3B9DE56A13A008820020D570 /* RodriTranslatorAppDelegate.m */; };
		3B9DE56E13A008820020D570 /* MainWindow.xib in Resources */ = {isa = PBXBuildFile; fileRef = 3B9DE56C13A008820020D570 /* MainWindow.xib */; };
		3B9DE57113A008820020D570 /* RodriTranslatorViewController.m in Sources */ = {isa = PBXBuildFile; fileRef = 3B9DE57013A008820020D570 /* RodriTranslatorViewController.m */; };
		3B9DE57413A008820020D570 /* RodriTranslatorViewController.xib in Resources */ = {isa = PBXBuildFile; fileRef = 3B9DE57213A008820020D570 /* RodriTranslatorViewController.xib */; };
/* End PBXBuildFile section */

/* Begin PBXFileReference section */
		3B9DE55613A008820020D570 /* RodriTranslator.app */ = {isa = PBXFileReference; explicitFileType = wrapper.application; includeInIndex = 0; path = RodriTranslator.app; sourceTree = BUILT_PRODUCTS_DIR; };
		3B9DE55A13A008820020D570 /* UIKit.framework */ = {isa = PBXFileReference; lastKnownFileType = wrapper.framework; name = UIKit.framework; path = System/Library/Frameworks/UIKit.framework; sourceTree = SDKROOT; };
		3B9DE55C13A008820020D570 /* Foundation.framework */ = {isa = PBXFileReference; lastKnownFileType = wrapper.framework; name = Foundation.framework; path = System/Library/Frameworks/Foundation.framework; sourceTree = SDKROOT; };
		3B9DE55E13A008820020D570 /* CoreGraphics.framework */ = {isa = PBXFileReference; lastKnownFileType = wrapper.framework; name = CoreGraphics.framework; path = System/Library/Frameworks/CoreGraphics.framework; sourceTree = SDKROOT; };
		3B9DE56213A008820020D570 /* RodriTranslator-Info.plist */ = {isa = PBXFileReference; lastKnownFileType = text.plist.xml; path = "RodriTranslator-Info.plist"; sourceTree = "<group>"; };
		3B9DE56413A008820020D570 /* en */ = {isa = PBXFileReference; lastKnownFileType = text.plist.strings; name = en; path = en.lproj/InfoPlist.strings; sourceTree = "<group>"; };
		3B9DE56613A008820020D570 /* RodriTranslator-Prefix.pch */ = {isa = PBXFileReference; lastKnownFileType = sourcecode.c.h; path = "RodriTranslator-Prefix.pch"; sourceTree = "<group>"; };
		3B9DE56713A008820020D570 /* main.m */ = {isa = PBXFileReference; lastKnownFileType = sourcecode.c.objc; path = main.m; sourceTree = "<group>"; };
		3B9DE56913A008820020D570 /* RodriTranslatorAppDelegate.h */ = {isa = PBXFileReference; lastKnownFileType = sourcecode.c.h; path = RodriTranslatorAppDelegate.h; sourceTree = "<group>"; };
		3B9DE56A13A008820020D570 /* RodriTranslatorAppDelegate.m */ = {isa = PBXFileReference; lastKnownFileType = sourcecode.c.objc; path = RodriTranslatorAppDelegate.m; sourceTree = "<group>"; };
		3B9DE56D13A008820020D570 /* en */ = {isa = PBXFileReference; lastKnownFileType = file.xib; name = en; path = en.lproj/MainWindow.xib; sourceTree = "<group>"; };
		3B9DE56F13A008820020D570 /* RodriTranslatorViewController.h */ = {isa = PBXFileReference; lastKnownFileType = sourcecode.c.h; path = RodriTranslatorViewController.h; sourceTree = "<group>"; };
		3B9DE57013A008820020D570 /* RodriTranslatorViewController.m */ = {isa = PBXFileReference; lastKnownFileType = sourcecode.c.objc; path = RodriTranslatorViewController.m; sourceTree = "<group>"; };
		3B9DE57313A008820020D570 /* en */ = {isa = PBXFileReference; lastKnownFileType = file.xib; name = en; path = en.lproj/RodriTranslatorViewController.xib; sourceTree = "<group>"; };
/* End PBXFileReference section */

/* Begin PBXFrameworksBuildPhase section */
		3B9DE55313A008820020D570 /* Frameworks */ = {
			isa = PBXFrameworksBuildPhase;
			buildActionMask = 2147483647;
			files = (
				3B9DE55B13A008820020D570 /* UIKit.framework in Frameworks */,
				3B9DE55D13A008820020D570 /* Foundation.framework in Frameworks */,
				3B9DE55F13A008820020D570 /* CoreGraphics.framework in Frameworks */,
			);
			runOnlyForDeploymentPostprocessing = 0;
		};
/* End PBXFrameworksBuildPhase section */

/* Begin PBXGroup section */
		3B9DE54B13A008820020D570 = {
			isa = PBXGroup;
			children = (
				3B9DE56013A008820020D570 /* RodriTranslator */,
				3B9DE55913A008820020D570 /* Frameworks */,
				3B9DE55713A008820020D570 /* Products */,
			);
			sourceTree = "<group>";
		};
		3B9DE55713A008820020D570 /* Products */ = {
			isa = PBXGroup;
			children = (
				3B9DE55613A008820020D570 /* RodriTranslator.app */,
			);
			name = Products;
			sourceTree = "<group>";
		};
		3B9DE55913A008820020D570 /* Frameworks */ = {
			isa = PBXGroup;
			children = (
				3B9DE55A13A008820020D570 /* UIKit.framework */,
				3B9DE55C13A008820020D570 /* Foundation.framework */,
				3B9DE55E13A008820020D570 /* CoreGraphics.framework */,
			);
			name = Frameworks;
			sourceTree = "<group>";
		};
		3B9DE56013A008820020D570 /* RodriTranslator */ = {
			isa = PBXGroup;
			children = (
				3B9DE56913A008820020D570 /* RodriTranslatorAppDelegate.h */,
				3B9DE56A13A008820020D570 /* RodriTranslatorAppDelegate.m */,
				3B9DE56C13A008820020D570 /* MainWindow.xib */,
				3B9DE56F13A008820020D570 /* RodriTranslatorViewController.h */,
				3B9DE57013A008820020D570 /* RodriTranslatorViewController.m */,
				3B9DE57213A008820020D570 /* RodriTranslatorViewController.xib */,
				3B9DE56113A008820020D570 /* Supporting Files */,
			);
			path = RodriTranslator;
			sourceTree = "<group>";
		};
		3B9DE56113A008820020D570 /* Supporting Files */ = {
			isa = PBXGroup;
			children = (
				3B9DE56213A008820020D570 /* RodriTranslator-Info.plist */,
				3B9DE56313A008820020D570 /* InfoPlist.strings */,
				3B9DE56613A008820020D570 /* RodriTranslator-Prefix.pch */,
				3B9DE56713A008820020D570 /* main.m */,
			);
			name = "Supporting Files";
			sourceTree = "<group>";
		};
/* End PBXGroup section */

/* Begin PBXNativeTarget section */
		3B9DE55513A008820020D570 /* RodriTranslator */ = {
			isa = PBXNativeTarget;
			buildConfigurationList = 3B9DE57713A008820020D570 /* Build configuration list for PBXNativeTarget "RodriTranslator" */;
			buildPhases = (
				3B9DE55213A008820020D570 /* Sources */,
				3B9DE55313A008820020D570 /* Frameworks */,
				3B9DE55413A008820020D570 /* Resources */,
			);
			buildRules = (
			);
			dependencies = (
			);
			name = RodriTranslator;
			productName = RodriTranslator;
			productReference = 3B9DE55613A008820020D570 /* RodriTranslator.app */;
			productType = "com.apple.product-type.application";
		};
/* End PBXNativeTarget section */

/* Begin PBXProject section */
		3B9DE54D13A008820020D570 /* Project object */ = {
			isa = PBXProject;
			attributes = {
				ORGANIZATIONNAME = Globant;
			};
			buildConfigurationList = 3B9DE55013A008820020D570 /* Build configuration list for PBXProject "RodriTranslator" */;
			compatibilityVersion = "Xcode 3.2";
			developmentRegion = English;
			hasScannedForEncodings = 0;
			knownRegions = (
				en,
			);
			mainGroup = 3B9DE54B13A008820020D570;
			productRefGroup = 3B9DE55713A008820020D570 /* Products */;
			projectDirPath = "";
			projectRoot = "";
			targets = (
				3B9DE55513A008820020D570 /* RodriTranslator */,
			);
		};
/* End PBXProject section */

/* Begin PBXResourcesBuildPhase section */
		3B9DE55413A008820020D570 /* Resources */ = {
			isa = PBXResourcesBuildPhase;
			buildActionMask = 2147483647;
			files = (
				3B9DE56513A008820020D570 /* InfoPlist.strings in Resources */,
				3B9DE56E13A008820020D570 /* MainWindow.xib in Resources */,
				3B9DE57413A008820020D570 /* RodriTranslatorViewController.xib in Resources */,
			);
			runOnlyForDeploymentPostprocessing = 0;
		};
/* End PBXResourcesBuildPhase section */

/* Begin PBXSourcesBuildPhase section */
		3B9DE55213A008820020D570 /* Sources */ = {
			isa = PBXSourcesBuildPhase;
			buildActionMask = 2147483647;
			files = (
				3B9DE56813A008820020D570 /* main.m in Sources */,
				3B9DE56B13A008820020D570 /* RodriTranslatorAppDelegate.m in Sources */,
				3B9DE57113A008820020D570 /* RodriTranslatorViewController.m in Sources */,
			);
			runOnlyForDeploymentPostprocessing = 0;
		};
/* End PBXSourcesBuildPhase section */

/* Begin PBXVariantGroup section */
		3B9DE56313A008820020D570 /* InfoPlist.strings */ = {
			isa = PBXVariantGroup;
			children = (
				3B9DE56413A008820020D570 /* en */,
			);
			name = InfoPlist.strings;
			sourceTree = "<group>";
		};
		3B9DE56C13A008820020D570 /* MainWindow.xib */ = {
			isa = PBXVariantGroup;
			children = (
				3B9DE56D13A008820020D570 /* en */,
			);
			name = MainWindow.xib;
			sourceTree = "<group>";
		};
		3B9DE57213A008820020D570 /* RodriTranslatorViewController.xib */ = {
			isa = PBXVariantGroup;
			children = (
				3B9DE57313A008820020D570 /* en */,
			);
			name = RodriTranslatorViewController.xib;
			sourceTree = "<group>";
		};
/* End PBXVariantGroup section */

/* Begin XCBuildConfiguration section */
		3B9DE57513A008820020D570 /* Debug */ = {
			isa = XCBuildConfiguration;
			buildSettings = {
				ARCHS = "$(ARCHS_UNIVERSAL_IPHONE_OS)";
				"CODE_SIGN_IDENTITY[sdk=iphoneos*]" = "iPhone Developer";
				GCC_C_LANGUAGE_STANDARD = gnu99;
				GCC_OPTIMIZATION_LEVEL = 0;
				GCC_PREPROCESSOR_DEFINITIONS = DEBUG;
				GCC_SYMBOLS_PRIVATE_EXTERN = NO;
				GCC_VERSION = com.apple.compilers.llvmgcc42;
				GCC_WARN_ABOUT_RETURN_TYPE = YES;
				GCC_WARN_UNUSED_VARIABLE = YES;
				IPHONEOS_DEPLOYMENT_TARGET = 4.3;
				SDKROOT = iphoneos;
				TARGETED_DEVICE_FAMILY = 2;
			};
			name = Debug;
		};
		3B9DE57613A008820020D570 /* Release */ = {
			isa = XCBuildConfiguration;
			buildSettings = {
				ARCHS = "$(ARCHS_UNIVERSAL_IPHONE_OS)";
				"CODE_SIGN_IDENTITY[sdk=iphoneos*]" = "iPhone Developer";
				GCC_C_LANGUAGE_STANDARD = gnu99;
				GCC_VERSION = com.apple.compilers.llvmgcc42;
				GCC_WARN_ABOUT_RETURN_TYPE = YES;
				GCC_WARN_UNUSED_VARIABLE = YES;
				IPHONEOS_DEPLOYMENT_TARGET = 4.3;
				OTHER_CFLAGS = "-DNS_BLOCK_ASSERTIONS=1";
				SDKROOT = iphoneos;
				TARGETED_DEVICE_FAMILY = 2;
			};
			name = Release;
		};
		3B9DE57813A008820020D570 /* Debug */ = {
			isa = XCBuildConfiguration;
			buildSettings = {
				ALWAYS_SEARCH_USER_PATHS = NO;
				COPY_PHASE_STRIP = NO;
				GCC_DYNAMIC_NO_PIC = NO;
				GCC_PRECOMPILE_PREFIX_HEADER = YES;
				GCC_PREFIX_HEADER = "RodriTranslator/RodriTranslator-Prefix.pch";
				INFOPLIST_FILE = "RodriTranslator/RodriTranslator-Info.plist";
				PRODUCT_NAME = "$(TARGET_NAME)";
				WRAPPER_EXTENSION = app;
			};
			name = Debug;
		};
		3B9DE57913A008820020D570 /* Release */ = {
			isa = XCBuildConfiguration;
			buildSettings = {
				ALWAYS_SEARCH_USER_PATHS = NO;
				COPY_PHASE_STRIP = YES;
				GCC_PRECOMPILE_PREFIX_HEADER = YES;
				GCC_PREFIX_HEADER = "RodriTranslator/RodriTranslator-Prefix.pch";
				INFOPLIST_FILE = "RodriTranslator/RodriTranslator-Info.plist";
				PRODUCT_NAME = "$(TARGET_NAME)";
				VALIDATE_PRODUCT = YES;
				WRAPPER_EXTENSION = app;
			};
			name = Release;
		};
/* End XCBuildConfiguration section */

/* Begin XCConfigurationList section */
		3B9DE55013A008820020D570 /* Build configuration list for PBXProject "RodriTranslator" */ = {
			isa = XCConfigurationList;
			buildConfigurations = (
				3B9DE57513A008820020D570 /* Debug */,
				3B9DE57613A008820020D570 /* Release */,
			);
			defaultConfigurationIsVisible = 0;
			defaultConfigurationName = Release;
		};
		3B9DE57713A008820020D570 /* Build configuration list for PBXNativeTarget "RodriTranslator" */ = {
			isa = XCConfigurationList;
			buildConfigurations = (
				3B9DE57813A008820020D570 /* Debug */,
				3B9DE57913A008820020D570 /* Release */,
			);
			defaultConfigurationIsVisible = 0;
		};
/* End XCConfigurationList section */
	};
	rootObject = 3B9DE54D13A008820020D570 /* Project object */;
}
